
Microsoft Visual Studio Solution File, Format Version 12.00
# Visual Studio 15
Project("{FAE04EC0-301F-11D3-BF4B-00C04F79EFBC}") = "NavMeshPlusEditor", "NavMeshPlusEditor.csproj", "{CCE50687-93FA-9B0F-F1C3-A6D833E11D2F}"
EndProject
Project("{FAE04EC0-301F-11D3-BF4B-00C04F79EFBC}") = "NavMeshPlus", "NavMeshPlus.csproj", "{077C63FD-5779-D61E-2590-4D894E77331D}"
EndProject
Project("{FAE04EC0-301F-11D3-BF4B-00C04F79EFBC}") = "Assembly-CSharp", "Assembly-CSharp.csproj", "{DCD60261-935C-78BA-C7B8-38BA68734B8F}"
EndProject
Global
	GlobalSection(SolutionConfigurationPlatforms) = preSolution
		Debug|Any CPU = Debug|Any CPU
		Release|Any CPU = Release|Any CPU
	EndGlobalSection
	GlobalSection(ProjectConfigurationPlatforms) = postSolution
		{CCE50687-93FA-9B0F-F1C3-A6D833E11D2F}.Debug|Any CPU.ActiveCfg = Debug|Any CPU
		{CCE50687-93FA-9B0F-F1C3-A6D833E11D2F}.Debug|Any CPU.Build.0 = Debug|Any CPU
		{CCE50687-93FA-9B0F-F1C3-A6D833E11D2F}.Release|Any CPU.ActiveCfg = Release|Any CPU
		{CCE50687-93FA-9B0F-F1C3-A6D833E11D2F}.Release|Any CPU.Build.0 = Release|Any CPU
		{077C63FD-5779-D61E-2590-4D894E77331D}.Debug|Any CPU.ActiveCfg = Debug|Any CPU
		{077C63FD-5779-D61E-2590-4D894E77331D}.Debug|Any CPU.Build.0 = Debug|Any CPU
		{077C63FD-5779-D61E-2590-4D894E77331D}.Release|Any CPU.ActiveCfg = Release|Any CPU
		{077C63FD-5779-D61E-2590-4D894E77331D}.Release|Any CPU.Build.0 = Release|Any CPU
		{DCD60261-935C-78BA-C7B8-38BA68734B8F}.Debug|Any CPU.ActiveCfg = Debug|Any CPU
		{DCD60261-935C-78BA-C7B8-38BA68734B8F}.Debug|Any CPU.Build.0 = Debug|Any CPU
		{DCD60261-935C-78BA-C7B8-38BA68734B8F}.Release|Any CPU.ActiveCfg = Release|Any CPU
		{DCD60261-935C-78BA-C7B8-38BA68734B8F}.Release|Any CPU.Build.0 = Release|Any CPU
	EndGlobalSection
	GlobalSection(SolutionProperties) = preSolution
		HideSolutionNode = FALSE
	EndGlobalSection
EndGlobal
